
Microsoft Visual Studio Solution File, Format Version 12.00
Project("{FAE04EC0-301F-11D3-BF4B-00C04F79EFBC}") = "EventStore.ESQuery", "EventStore.ESQuery\EventStore.ESQuery.csproj", "{55B50DD3-7FB2-4E41-8578-1DE1D4A5563D}"
EndProject
Global
	GlobalSection(SolutionConfigurationPlatforms) = preSolution
		Debug|Any CPU = Debug|Any CPU
		Release|Any CPU = Release|Any CPU
	EndGlobalSection
	GlobalSection(ProjectConfigurationPlatforms) = postSolution
		{55B50DD3-7FB2-4E41-8578-1DE1D4A5563D}.Debug|Any CPU.ActiveCfg = Debug|Any CPU
		{55B50DD3-7FB2-4E41-8578-1DE1D4A5563D}.Debug|Any CPU.Build.0 = Debug|Any CPU
		{55B50DD3-7FB2-4E41-8578-1DE1D4A5563D}.Release|Any CPU.ActiveCfg = Release|Any CPU
		{55B50DD3-7FB2-4E41-8578-1DE1D4A5563D}.Release|Any CPU.Build.0 = Release|Any CPU
	EndGlobalSection
EndGlobal
